// !$*UTF8*$!
{
	archiveVersion = 1;
	classes = {
	};
	objectVersion = 48;
	objects = {

/* Begin PBXBuildFile section */
		E7686E3A1FD80B91008FEB84 /* AppDelegate.swift in Sources */ = {isa = PBXBuildFile; fileRef = E7686E391FD80B91008FEB84 /* AppDelegate.swift */; };
		E7686E3C1FD80B91008FEB84 /* BrowserController.swift in Sources */ = {isa = PBXBuildFile; fileRef = E7686E3B1FD80B91008FEB84 /* BrowserController.swift */; };
		E7686E3F1FD80B91008FEB84 /* Main.storyboard in Resources */ = {isa = PBXBuildFile; fileRef = E7686E3D1FD80B91008FEB84 /* Main.storyboard */; };
		E7686E411FD80B91008FEB84 /* Assets.xcassets in Resources */ = {isa = PBXBuildFile; fileRef = E7686E401FD80B91008FEB84 /* Assets.xcassets */; };
		E7686E441FD80B91008FEB84 /* LaunchScreen.storyboard in Resources */ = {isa = PBXBuildFile; fileRef = E7686E421FD80B91008FEB84 /* LaunchScreen.storyboard */; };
		E7686E4C1FD81DCF008FEB84 /* .gitignore in Resources */ = {isa = PBXBuildFile; fileRef = E7686E4B1FD81DCF008FEB84 /* .gitignore */; };
/* End PBXBuildFile section */

/* Begin PBXFileReference section */
		E7686E361FD80B91008FEB84 /* Bonjour Browser.app */ = {isa = PBXFileReference; explicitFileType = wrapper.application; includeInIndex = 0; path = "Bonjour Browser.app"; sourceTree = BUILT_PRODUCTS_DIR; };
		E7686E391FD80B91008FEB84 /* AppDelegate.swift */ = {isa = PBXFileReference; lastKnownFileType = sourcecode.swift; path = AppDelegate.swift; sourceTree = "<group>"; };
		E7686E3B1FD80B91008FEB84 /* BrowserController.swift */ = {isa = PBXFileReference; lastKnownFileType = sourcecode.swift; path = BrowserController.swift; sourceTree = "<group>"; };
		E7686E3E1FD80B91008FEB84 /* Base */ = {isa = PBXFileReference; lastKnownFileType = file.storyboard; name = Base; path = Base.lproj/Main.storyboard; sourceTree = "<group>"; };
		E7686E401FD80B91008FEB84 /* Assets.xcassets */ = {isa = PBXFileReference; lastKnownFileType = folder.assetcatalog; path = Assets.xcassets; sourceTree = "<group>"; };
		E7686E431FD80B91008FEB84 /* Base */ = {isa = PBXFileReference; lastKnownFileType = file.storyboard; name = Base; path = Base.lproj/LaunchScreen.storyboard; sourceTree = "<group>"; };
		E7686E451FD80B91008FEB84 /* Info.plist */ = {isa = PBXFileReference; lastKnownFileType = text.plist.xml; path = Info.plist; sourceTree = "<group>"; };
		E7686E4B1FD81DCF008FEB84 /* .gitignore */ = {isa = PBXFileReference; lastKnownFileType = text; path = .gitignore; sourceTree = "<group>"; };
/* End PBXFileReference section */

/* Begin PBXFrameworksBuildPhase section */
		E7686E331FD80B91008FEB84 /* Frameworks */ = {
			isa = PBXFrameworksBuildPhase;
			buildActionMask = 2147483647;
			files = (
			);
			runOnlyForDeploymentPostprocessing = 0;
		};
/* End PBXFrameworksBuildPhase section */

/* Begin PBXGroup section */
		E7686E2D1FD80B91008FEB84 = {
			isa = PBXGroup;
			children = (
				E7686E381FD80B91008FEB84 /* Bonjour Browser */,
				E7686E371FD80B91008FEB84 /* Products */,
				E7686E4B1FD81DCF008FEB84 /* .gitignore */,
			);
			sourceTree = "<group>";
		};
		E7686E371FD80B91008FEB84 /* Products */ = {
			isa = PBXGroup;
			children = (
				E7686E361FD80B91008FEB84 /* Bonjour Browser.app */,
			);
			name = Products;
			sourceTree = "<group>";
		};
		E7686E381FD80B91008FEB84 /* Bonjour Browser */ = {
			isa = PBXGroup;
			children = (
				E7686E391FD80B91008FEB84 /* AppDelegate.swift */,
				E7686E3B1FD80B91008FEB84 /* BrowserController.swift */,
				E7686E3D1FD80B91008FEB84 /* Main.storyboard */,
				E7686E401FD80B91008FEB84 /* Assets.xcassets */,
				E7686E421FD80B91008FEB84 /* LaunchScreen.storyboard */,
				E7686E451FD80B91008FEB84 /* Info.plist */,
			);
			path = "Bonjour Browser";
			sourceTree = "<group>";
		};
/* End PBXGroup section */

/* Begin PBXNativeTarget section */
		E7686E351FD80B91008FEB84 /* Bonjour Browser */ = {
			isa = PBXNativeTarget;
			buildConfigurationList = E7686E481FD80B91008FEB84 /* Build configuration list for PBXNativeTarget "Bonjour Browser" */;
			buildPhases = (
				E7686E321FD80B91008FEB84 /* Sources */,
				E7686E331FD80B91008FEB84 /* Frameworks */,
				E7686E341FD80B91008FEB84 /* Resources */,
			);
			buildRules = (
			);
			dependencies = (
			);
			name = "Bonjour Browser";
			productName = "Bonjour Browser";
			productReference = E7686E361FD80B91008FEB84 /* Bonjour Browser.app */;
			productType = "com.apple.product-type.application";
		};
/* End PBXNativeTarget section */

/* Begin PBXProject section */
		E7686E2E1FD80B91008FEB84 /* Project object */ = {
			isa = PBXProject;
			attributes = {
				LastSwiftUpdateCheck = 0910;
				LastUpgradeCheck = 0910;
				ORGANIZATIONNAME = "Vladimir Vojko";
				TargetAttributes = {
					E7686E351FD80B91008FEB84 = {
						CreatedOnToolsVersion = 9.1;
						ProvisioningStyle = Automatic;
					};
				};
			};
			buildConfigurationList = E7686E311FD80B91008FEB84 /* Build configuration list for PBXProject "Bonjour Browser" */;
			compatibilityVersion = "Xcode 8.0";
			developmentRegion = en;
			hasScannedForEncodings = 0;
			knownRegions = (
				en,
				Base,
			);
			mainGroup = E7686E2D1FD80B91008FEB84;
			productRefGroup = E7686E371FD80B91008FEB84 /* Products */;
			projectDirPath = "";
			projectRoot = "";
			targets = (
				E7686E351FD80B91008FEB84 /* Bonjour Browser */,
			);
		};
/* End PBXProject section */

/* Begin PBXResourcesBuildPhase section */
		E7686E341FD80B91008FEB84 /* Resources */ = {
			isa = PBXResourcesBuildPhase;
			buildActionMask = 2147483647;
			files = (
				E7686E4C1FD81DCF008FEB84 /* .gitignore in Resources */,
				E7686E441FD80B91008FEB84 /* LaunchScreen.storyboard in Resources */,
				E7686E411FD80B91008FEB84 /* Assets.xcassets in Resources */,
				E7686E3F1FD80B91008FEB84 /* Main.storyboard in Resources */,
			);
			runOnlyForDeploymentPostprocessing = 0;
		};
/* End PBXResourcesBuildPhase section */

/* Begin PBXSourcesBuildPhase section */
		E7686E321FD80B91008FEB84 /* Sources */ = {
			isa = PBXSourcesBuildPhase;
			buildActionMask = 2147483647;
			files = (
				E7686E3C1FD80B91008FEB84 /* BrowserController.swift in Sources */,
				E7686E3A1FD80B91008FEB84 /* AppDelegate.swift in Sources */,
			);
			runOnlyForDeploymentPostprocessing = 0;
		};
/* End PBXSourcesBuildPhase section */

/* Begin PBXVariantGroup section */
		E7686E3D1FD80B91008FEB84 /* Main.storyboard */ = {
			isa = PBXVariantGroup;
			children = (
				E7686E3E1FD80B91008FEB84 /* Base */,
			);
			name = Main.storyboard;
			sourceTree = "<group>";
		};
		E7686E421FD80B91008FEB84 /* LaunchScreen.storyboard */ = {
			isa = PBXVariantGroup;
			children = (
				E7686E431FD80B91008FEB84 /* Base */,
			);
			name = LaunchScreen.storyboard;
			sourceTree = "<group>";
		};
/* End PBXVariantGroup section */

/* Begin XCBuildConfiguration section */
		E7686E461FD80B91008FEB84 /* Debug */ = {
			isa = XCBuildConfiguration;
			buildSettings = {
				ALWAYS_SEARCH_USER_PATHS = NO;
				CLANG_ANALYZER_NONNULL = YES;
				CLANG_ANALYZER_NUMBER_OBJECT_CONVERSION = YES_AGGRESSIVE;
				CLANG_CXX_LANGUAGE_STANDARD = "gnu++14";
				CLANG_CXX_LIBRARY = "libc++";
				CLANG_ENABLE_MODULES = YES;
				CLANG_ENABLE_OBJC_ARC = YES;
				CLANG_WARN_BLOCK_CAPTURE_AUTORELEASING = YES;
				CLANG_WARN_BOOL_CONVERSION = YES;
				CLANG_WARN_COMMA = YES;
				CLANG_WARN_CONSTANT_CONVERSION = YES;
				CLANG_WARN_DIRECT_OBJC_ISA_USAGE = YES_ERROR;
				CLANG_WARN_DOCUMENTATION_COMMENTS = YES;
				CLANG_WARN_EMPTY_BODY = YES;
				CLANG_WARN_ENUM_CONVERSION = YES;
				CLANG_WARN_INFINITE_RECURSION = YES;
				CLANG_WARN_INT_CONVERSION = YES;
				CLANG_WARN_NON_LITERAL_NULL_CONVERSION = YES;
				CLANG_WARN_OBJC_LITERAL_CONVERSION = YES;
				CLANG_WARN_OBJC_ROOT_CLASS = YES_ERROR;
				CLANG_WARN_RANGE_LOOP_ANALYSIS = YES;
				CLANG_WARN_STRICT_PROTOTYPES = YES;
				CLANG_WARN_SUSPICIOUS_MOVE = YES;
				CLANG_WARN_UNGUARDED_AVAILABILITY = YES_AGGRESSIVE;
				CLANG_WARN_UNREACHABLE_CODE = YES;
				CLANG_WARN__DUPLICATE_METHOD_MATCH = YES;
				CODE_SIGN_IDENTITY = "iPhone Developer";
				COPY_PHASE_STRIP = NO;
				DEBUG_INFORMATION_FORMAT = dwarf;
				ENABLE_STRICT_OBJC_MSGSEND = YES;
				ENABLE_TESTABILITY = YES;
				GCC_C_LANGUAGE_STANDARD = gnu11;
				GCC_DYNAMIC_NO_PIC = NO;
				GCC_NO_COMMON_BLOCKS = YES;
				GCC_OPTIMIZATION_LEVEL = 0;
				GCC_PREPROCESSOR_DEFINITIONS = (
					"DEBUG=1",
					"$(inherited)",
				);
				GCC_WARN_64_TO_32_BIT_CONVERSION = YES;
				GCC_WARN_ABOUT_RETURN_TYPE = YES_ERROR;
				GCC_WARN_UNDECLARED_SELECTOR = YES;
				GCC_WARN_UNINITIALIZED_AUTOS = YES_AGGRESSIVE;
				GCC_WARN_UNUSED_FUNCTION = YES;
				GCC_WARN_UNUSED_VARIABLE = YES;
				IPHONEOS_DEPLOYMENT_TARGET = 11.1;
				MTL_ENABLE_DEBUG_INFO = YES;
				ONLY_ACTIVE_ARCH = YES;
				SDKROOT = iphoneos;
				SWIFT_ACTIVE_COMPILATION_CONDITIONS = DEBUG;
				SWIFT_OPTIMIZATION_LEVEL = "-Onone";
			};
			name = Debug;
		};
		E7686E471FD80B91008FEB84 /* Release */ = {
			isa = XCBuildConfiguration;
			buildSettings = {
				ALWAYS_SEARCH_USER_PATHS = NO;
				CLANG_ANALYZER_NONNULL = YES;
				CLANG_ANALYZER_NUMBER_OBJECT_CONVERSION = YES_AGGRESSIVE;
				CLANG_CXX_LANGUAGE_STANDARD = "gnu++14";
				CLANG_CXX_LIBRARY = "libc++";
				CLANG_ENABLE_MODULES = YES;
				CLANG_ENABLE_OBJC_ARC = YES;
				CLANG_WARN_BLOCK_CAPTURE_AUTORELEASING = YES;
				CLANG_WARN_BOOL_CONVERSION = YES;
				CLANG_WARN_COMMA = YES;
				CLANG_WARN_CONSTANT_CONVERSION = YES;
				CLANG_WARN_DIRECT_OBJC_ISA_USAGE = YES_ERROR;
				CLANG_WARN_DOCUMENTATION_COMMENTS = YES;
				CLANG_WARN_EMPTY_BODY = YES;
				CLANG_WARN_ENUM_CONVERSION = YES;
				CLANG_WARN_INFINITE_RECURSION = YES;
				CLANG_WARN_INT_CONVERSION = YES;
				CLANG_WARN_NON_LITERAL_NULL_CONVERSION = YES;
				CLANG_WARN_OBJC_LITERAL_CONVERSION = YES;
				CLANG_WARN_OBJC_ROOT_CLASS = YES_ERROR;
				CLANG_WARN_RANGE_LOOP_ANALYSIS = YES;
				CLANG_WARN_STRICT_PROTOTYPES = YES;
				CLANG_WARN_SUSPICIOUS_MOVE = YES;
				CLANG_WARN_UNGUARDED_AVAILABILITY = YES_AGGRESSIVE;
				CLANG_WARN_UNREACHABLE_CODE = YES;
				CLANG_WARN__DUPLICATE_METHOD_MATCH = YES;
				CODE_SIGN_IDENTITY = "iPhone Developer";
				COPY_PHASE_STRIP = NO;
				DEBUG_INFORMATION_FORMAT = "dwarf-with-dsym";
				ENABLE_NS_ASSERTIONS = NO;
				ENABLE_STRICT_OBJC_MSGSEND = YES;
				GCC_C_LANGUAGE_STANDARD = gnu11;
				GCC_NO_COMMON_BLOCKS = YES;
				GCC_WARN_64_TO_32_BIT_CONVERSION = YES;
				GCC_WARN_ABOUT_RETURN_TYPE = YES_ERROR;
				GCC_WARN_UNDECLARED_SELECTOR = YES;
				GCC_WARN_UNINITIALIZED_AUTOS = YES_AGGRESSIVE;
				GCC_WARN_UNUSED_FUNCTION = YES;
				GCC_WARN_UNUSED_VARIABLE = YES;
				IPHONEOS_DEPLOYMENT_TARGET = 11.1;
				MTL_ENABLE_DEBUG_INFO = NO;
				SDKROOT = iphoneos;
				SWIFT_OPTIMIZATION_LEVEL = "-Owholemodule";
				VALIDATE_PRODUCT = YES;
			};
			name = Release;
		};
		E7686E491FD80B91008FEB84 /* Debug */ = {
			isa = XCBuildConfiguration;
			buildSettings = {
				ASSETCATALOG_COMPILER_APPICON_NAME = AppIcon;
				CODE_SIGN_STYLE = Automatic;
				DEVELOPMENT_TEAM = AC5YWC3JZT;
				INFOPLIST_FILE = "Bonjour Browser/Info.plist";
				LD_RUNPATH_SEARCH_PATHS = "$(inherited) @executable_path/Frameworks";
				PRODUCT_BUNDLE_IDENTIFIER = "com.dd.yakovenko.Bonjour-Browser";
				PRODUCT_NAME = "$(TARGET_NAME)";
				SWIFT_VERSION = 4.0;
				TARGETED_DEVICE_FAMILY = "1,2";
			};
			name = Debug;
		};
		E7686E4A1FD80B91008FEB84 /* Release */ = {
			isa = XCBuildConfiguration;
			buildSettings = {
				ASSETCATALOG_COMPILER_APPICON_NAME = AppIcon;
				CODE_SIGN_STYLE = Automatic;
				DEVELOPMENT_TEAM = AC5YWC3JZT;
				INFOPLIST_FILE = "Bonjour Browser/Info.plist";
				LD_RUNPATH_SEARCH_PATHS = "$(inherited) @executable_path/Frameworks";
				PRODUCT_BUNDLE_IDENTIFIER = "com.dd.yakovenko.Bonjour-Browser";
				PRODUCT_NAME = "$(TARGET_NAME)";
				SWIFT_VERSION = 4.0;
				TARGETED_DEVICE_FAMILY = "1,2";
			};
			name = Release;
		};
/* End XCBuildConfiguration section */

/* Begin XCConfigurationList section */
		E7686E311FD80B91008FEB84 /* Build configuration list for PBXProject "Bonjour Browser" */ = {
			isa = XCConfigurationList;
			buildConfigurations = (
				E7686E461FD80B91008FEB84 /* Debug */,
				E7686E471FD80B91008FEB84 /* Release */,
			);
			defaultConfigurationIsVisible = 0;
			defaultConfigurationName = Release;
		};
		E7686E481FD80B91008FEB84 /* Build configuration list for PBXNativeTarget "Bonjour Browser" */ = {
			isa = XCConfigurationList;
			buildConfigurations = (
				E7686E491FD80B91008FEB84 /* Debug */,
				E7686E4A1FD80B91008FEB84 /* Release */,
			);
			defaultConfigurationIsVisible = 0;
			defaultConfigurationName = Release;
		};
/* End XCConfigurationList section */
	};
	rootObject = E7686E2E1FD80B91008FEB84 /* Project object */;
}
